
Microsoft Visual Studio Solution File, Format Version 12.00
# Visual Studio 2012
Project("{FAE04EC0-301F-11D3-BF4B-00C04F79EFBC}") = "Punto_Venta", "Punto_Venta\Punto_Venta.csproj", "{8B842FF9-CC01-4505-851F-103FC48DDDB7}"
EndProject
Global
	GlobalSection(SolutionConfigurationPlatforms) = preSolution
		Debug|Any CPU = Debug|Any CPU
		Release|Any CPU = Release|Any CPU
	EndGlobalSection
	GlobalSection(ProjectConfigurationPlatforms) = postSolution
		{8B842FF9-CC01-4505-851F-103FC48DDDB7}.Debug|Any CPU.ActiveCfg = Debug|Any CPU
		{8B842FF9-CC01-4505-851F-103FC48DDDB7}.Debug|Any CPU.Build.0 = Debug|Any CPU
		{8B842FF9-CC01-4505-851F-103FC48DDDB7}.Release|Any CPU.ActiveCfg = Release|Any CPU
		{8B842FF9-CC01-4505-851F-103FC48DDDB7}.Release|Any CPU.Build.0 = Release|Any CPU
	EndGlobalSection
	GlobalSection(SolutionProperties) = preSolution
		HideSolutionNode = FALSE
	EndGlobalSection
EndGlobal
